
Microsoft Visual Studio Solution File, Format Version 11.00
# Visual Studio 2010
Project("{FAE04EC0-301F-11D3-BF4B-00C04F79EFBC}") = "Maven", "Maven\Maven.csproj", "{A1C0DE64-8FB0-40BC-A998-5B32BFA86BF0}"
EndProject
Project("{FAE04EC0-301F-11D3-BF4B-00C04F79EFBC}") = "Maven.Tests", "Maven.Tests\Maven.Tests.csproj", "{7D93FA79-74A5-4C81-B700-043F7916BD1E}"
EndProject
Global
	GlobalSection(SolutionConfigurationPlatforms) = preSolution
		Debug|Any CPU = Debug|Any CPU
		Release|Any CPU = Release|Any CPU
	EndGlobalSection
	GlobalSection(ProjectConfigurationPlatforms) = postSolution
		{A1C0DE64-8FB0-40BC-A998-5B32BFA86BF0}.Debug|Any CPU.ActiveCfg = Debug|Any CPU
		{A1C0DE64-8FB0-40BC-A998-5B32BFA86BF0}.Debug|Any CPU.Build.0 = Debug|Any CPU
		{A1C0DE64-8FB0-40BC-A998-5B32BFA86BF0}.Release|Any CPU.ActiveCfg = Release|Any CPU
		{A1C0DE64-8FB0-40BC-A998-5B32BFA86BF0}.Release|Any CPU.Build.0 = Release|Any CPU
		{7D93FA79-74A5-4C81-B700-043F7916BD1E}.Debug|Any CPU.ActiveCfg = Debug|Any CPU
		{7D93FA79-74A5-4C81-B700-043F7916BD1E}.Debug|Any CPU.Build.0 = Debug|Any CPU
		{7D93FA79-74A5-4C81-B700-043F7916BD1E}.Release|Any CPU.ActiveCfg = Release|Any CPU
		{7D93FA79-74A5-4C81-B700-043F7916BD1E}.Release|Any CPU.Build.0 = Release|Any CPU
	EndGlobalSection
	GlobalSection(SolutionProperties) = preSolution
		HideSolutionNode = FALSE
	EndGlobalSection
EndGlobal
